
Microsoft Visual Studio Solution File, Format Version 12.00
# Visual Studio 15
VisualStudioVersion = 15.0.27130.2010
MinimumVisualStudioVersion = 10.0.40219.1
Project("{39F0460A-6109-4D28-9C43-8ABC261437EC}") = "Web", "Web\Web.csproj", "{915C8E1B-C448-46D4-BA73-AA204A8725E5}"
EndProject
Project("{D44FCE0F-A7B3-4DB4-9CE0-22EC37213BD4}") = "Infrastructure", "Infrastructure\Infrastructure.csproj", "{478460C1-B0AF-451E-ADB5-D11185121249}"
EndProject
Project("{D44FCE0F-A7B3-4DB4-9CE0-22EC37213BD4}") = "Core", "Core\Core.csproj", "{5AB6A3B4-8125-47ED-84C5-2FAC9A362032}"
EndProject
Global
	GlobalSection(SolutionConfigurationPlatforms) = preSolution
		Debug|Any CPU = Debug|Any CPU
		Release|Any CPU = Release|Any CPU
	EndGlobalSection
	GlobalSection(ProjectConfigurationPlatforms) = postSolution
		{915C8E1B-C448-46D4-BA73-AA204A8725E5}.Debug|Any CPU.ActiveCfg = Debug|Any CPU
		{915C8E1B-C448-46D4-BA73-AA204A8725E5}.Debug|Any CPU.Build.0 = Debug|Any CPU
		{915C8E1B-C448-46D4-BA73-AA204A8725E5}.Release|Any CPU.ActiveCfg = Release|Any CPU
		{915C8E1B-C448-46D4-BA73-AA204A8725E5}.Release|Any CPU.Build.0 = Release|Any CPU
		{478460C1-B0AF-451E-ADB5-D11185121249}.Debug|Any CPU.ActiveCfg = Debug|Any CPU
		{478460C1-B0AF-451E-ADB5-D11185121249}.Debug|Any CPU.Build.0 = Debug|Any CPU
		{478460C1-B0AF-451E-ADB5-D11185121249}.Release|Any CPU.ActiveCfg = Release|Any CPU
		{478460C1-B0AF-451E-ADB5-D11185121249}.Release|Any CPU.Build.0 = Release|Any CPU
		{5AB6A3B4-8125-47ED-84C5-2FAC9A362032}.Debug|Any CPU.ActiveCfg = Debug|Any CPU
		{5AB6A3B4-8125-47ED-84C5-2FAC9A362032}.Debug|Any CPU.Build.0 = Debug|Any CPU
		{5AB6A3B4-8125-47ED-84C5-2FAC9A362032}.Release|Any CPU.ActiveCfg = Release|Any CPU
		{5AB6A3B4-8125-47ED-84C5-2FAC9A362032}.Release|Any CPU.Build.0 = Release|Any CPU
	EndGlobalSection
	GlobalSection(SolutionProperties) = preSolution
		HideSolutionNode = FALSE
	EndGlobalSection
	GlobalSection(ExtensibilityGlobals) = postSolution
		SolutionGuid = {097A4CA8-7492-40B6-B423-D89A0436AB7F}
	EndGlobalSection
EndGlobal
